// !$*UTF8*$!
{
	archiveVersion = 1;
	classes = {
	};
	objectVersion = 56;
	objects = {

/* Begin PBXBuildFile section */
		DF807A3A2B3EB4410064DDDF /* AppDelegate.swift in Sources */ = {isa = PBXBuildFile; fileRef = DF807A392B3EB4410064DDDF /* AppDelegate.swift */; };
		DF807A3C2B3EB4410064DDDF /* SceneDelegate.swift in Sources */ = {isa = PBXBuildFile; fileRef = DF807A3B2B3EB4410064DDDF /* SceneDelegate.swift */; };
		DF807A3E2B3EB4410064DDDF /* ViewController.swift in Sources */ = {isa = PBXBuildFile; fileRef = DF807A3D2B3EB4410064DDDF /* ViewController.swift */; };
		DF807A412B3EB4410064DDDF /* Main.storyboard in Resources */ = {isa = PBXBuildFile; fileRef = DF807A3F2B3EB4410064DDDF /* Main.storyboard */; };
		DF807A432B3EB4420064DDDF /* Assets.xcassets in Resources */ = {isa = PBXBuildFile; fileRef = DF807A422B3EB4420064DDDF /* Assets.xcassets */; };
		DF807A462B3EB4420064DDDF /* LaunchScreen.storyboard in Resources */ = {isa = PBXBuildFile; fileRef = DF807A442B3EB4420064DDDF /* LaunchScreen.storyboard */; };
		DF807A6E2B3ECB0A0064DDDF /* CoinViewController.swift in Sources */ = {isa = PBXBuildFile; fileRef = DF807A6D2B3ECB0A0064DDDF /* CoinViewController.swift */; };
		DF807A702B3ED8A20064DDDF /* CoinData.swift in Sources */ = {isa = PBXBuildFile; fileRef = DF807A6F2B3ED8A20064DDDF /* CoinData.swift */; };
		DF807A722B3EDE9D0064DDDF /* CoinApiManager.swift in Sources */ = {isa = PBXBuildFile; fileRef = DF807A712B3EDE9D0064DDDF /* CoinApiManager.swift */; };
		DF807A742B3EE5CD0064DDDF /* CoinModel.swift in Sources */ = {isa = PBXBuildFile; fileRef = DF807A732B3EE5CD0064DDDF /* CoinModel.swift */; };
/* End PBXBuildFile section */

/* Begin PBXContainerItemProxy section */
		DF807A4D2B3EB4420064DDDF /* PBXContainerItemProxy */ = {
			isa = PBXContainerItemProxy;
			containerPortal = DF807A2E2B3EB4410064DDDF /* Project object */;
			proxyType = 1;
			remoteGlobalIDString = DF807A352B3EB4410064DDDF;
			remoteInfo = CoinAPI;
		};
		DF807A572B3EB4420064DDDF /* PBXContainerItemProxy */ = {
			isa = PBXContainerItemProxy;
			containerPortal = DF807A2E2B3EB4410064DDDF /* Project object */;
			proxyType = 1;
			remoteGlobalIDString = DF807A352B3EB4410064DDDF;
			remoteInfo = CoinAPI;
		};
/* End PBXContainerItemProxy section */

/* Begin PBXFileReference section */
		DF807A362B3EB4410064DDDF /* CoinAPI.app */ = {isa = PBXFileReference; explicitFileType = wrapper.application; includeInIndex = 0; path = CoinAPI.app; sourceTree = BUILT_PRODUCTS_DIR; };
		DF807A392B3EB4410064DDDF /* AppDelegate.swift */ = {isa = PBXFileReference; lastKnownFileType = sourcecode.swift; path = AppDelegate.swift; sourceTree = "<group>"; };
		DF807A3B2B3EB4410064DDDF /* SceneDelegate.swift */ = {isa = PBXFileReference; lastKnownFileType = sourcecode.swift; path = SceneDelegate.swift; sourceTree = "<group>"; };
		DF807A3D2B3EB4410064DDDF /* ViewController.swift */ = {isa = PBXFileReference; lastKnownFileType = sourcecode.swift; path = ViewController.swift; sourceTree = "<group>"; };
		DF807A402B3EB4410064DDDF /* Base */ = {isa = PBXFileReference; lastKnownFileType = file.storyboard; name = Base; path = Base.lproj/Main.storyboard; sourceTree = "<group>"; };
		DF807A422B3EB4420064DDDF /* Assets.xcassets */ = {isa = PBXFileReference; lastKnownFileType = folder.assetcatalog; path = Assets.xcassets; sourceTree = "<group>"; };
		DF807A452B3EB4420064DDDF /* Base */ = {isa = PBXFileReference; lastKnownFileType = file.storyboard; name = Base; path = Base.lproj/LaunchScreen.storyboard; sourceTree = "<group>"; };
		DF807A472B3EB4420064DDDF /* Info.plist */ = {isa = PBXFileReference; lastKnownFileType = text.plist.xml; path = Info.plist; sourceTree = "<group>"; };
		DF807A4C2B3EB4420064DDDF /* CoinAPITests.xctest */ = {isa = PBXFileReference; explicitFileType = wrapper.cfbundle; includeInIndex = 0; path = CoinAPITests.xctest; sourceTree = BUILT_PRODUCTS_DIR; };
		DF807A562B3EB4420064DDDF /* CoinAPIUITests.xctest */ = {isa = PBXFileReference; explicitFileType = wrapper.cfbundle; includeInIndex = 0; path = CoinAPIUITests.xctest; sourceTree = BUILT_PRODUCTS_DIR; };
		DF807A6D2B3ECB0A0064DDDF /* CoinViewController.swift */ = {isa = PBXFileReference; lastKnownFileType = sourcecode.swift; path = CoinViewController.swift; sourceTree = "<group>"; };
		DF807A6F2B3ED8A20064DDDF /* CoinData.swift */ = {isa = PBXFileReference; lastKnownFileType = sourcecode.swift; path = CoinData.swift; sourceTree = "<group>"; };
		DF807A712B3EDE9D0064DDDF /* CoinApiManager.swift */ = {isa = PBXFileReference; lastKnownFileType = sourcecode.swift; path = CoinApiManager.swift; sourceTree = "<group>"; };
		DF807A732B3EE5CD0064DDDF /* CoinModel.swift */ = {isa = PBXFileReference; lastKnownFileType = sourcecode.swift; path = CoinModel.swift; sourceTree = "<group>"; };
/* End PBXFileReference section */

/* Begin PBXFrameworksBuildPhase section */
		DF807A332B3EB4410064DDDF /* Frameworks */ = {
			isa = PBXFrameworksBuildPhase;
			buildActionMask = 2147483647;
			files = (
			);
			runOnlyForDeploymentPostprocessing = 0;
		};
		DF807A492B3EB4420064DDDF /* Frameworks */ = {
			isa = PBXFrameworksBuildPhase;
			buildActionMask = 2147483647;
			files = (
			);
			runOnlyForDeploymentPostprocessing = 0;
		};
		DF807A532B3EB4420064DDDF /* Frameworks */ = {
			isa = PBXFrameworksBuildPhase;
			buildActionMask = 2147483647;
			files = (
			);
			runOnlyForDeploymentPostprocessing = 0;
		};
/* End PBXFrameworksBuildPhase section */

/* Begin PBXGroup section */
		DF807A2D2B3EB4410064DDDF = {
			isa = PBXGroup;
			children = (
				DF807A382B3EB4410064DDDF /* CoinAPI */,
				DF807A372B3EB4410064DDDF /* Products */,
			);
			sourceTree = "<group>";
		};
		DF807A372B3EB4410064DDDF /* Products */ = {
			isa = PBXGroup;
			children = (
				DF807A362B3EB4410064DDDF /* CoinAPI.app */,
				DF807A4C2B3EB4420064DDDF /* CoinAPITests.xctest */,
				DF807A562B3EB4420064DDDF /* CoinAPIUITests.xctest */,
			);
			name = Products;
			sourceTree = "<group>";
		};
		DF807A382B3EB4410064DDDF /* CoinAPI */ = {
			isa = PBXGroup;
			children = (
				DF807A392B3EB4410064DDDF /* AppDelegate.swift */,
				DF807A3B2B3EB4410064DDDF /* SceneDelegate.swift */,
				DF807A6A2B3EB8030064DDDF /* Models */,
				DF807A692B3EB7D80064DDDF /* Controllers */,
				DF807A3F2B3EB4410064DDDF /* Main.storyboard */,
				DF807A422B3EB4420064DDDF /* Assets.xcassets */,
				DF807A442B3EB4420064DDDF /* LaunchScreen.storyboard */,
				DF807A472B3EB4420064DDDF /* Info.plist */,
			);
			path = CoinAPI;
			sourceTree = "<group>";
		};
		DF807A692B3EB7D80064DDDF /* Controllers */ = {
			isa = PBXGroup;
			children = (
				DF807A3D2B3EB4410064DDDF /* ViewController.swift */,
				DF807A6D2B3ECB0A0064DDDF /* CoinViewController.swift */,
			);
			path = Controllers;
			sourceTree = "<group>";
		};
		DF807A6A2B3EB8030064DDDF /* Models */ = {
			isa = PBXGroup;
			children = (
				DF807A6F2B3ED8A20064DDDF /* CoinData.swift */,
				DF807A712B3EDE9D0064DDDF /* CoinApiManager.swift */,
				DF807A732B3EE5CD0064DDDF /* CoinModel.swift */,
			);
			path = Models;
			sourceTree = "<group>";
		};
/* End PBXGroup section */

/* Begin PBXNativeTarget section */
		DF807A352B3EB4410064DDDF /* CoinAPI */ = {
			isa = PBXNativeTarget;
			buildConfigurationList = DF807A602B3EB4420064DDDF /* Build configuration list for PBXNativeTarget "CoinAPI" */;
			buildPhases = (
				DF807A322B3EB4410064DDDF /* Sources */,
				DF807A332B3EB4410064DDDF /* Frameworks */,
				DF807A342B3EB4410064DDDF /* Resources */,
			);
			buildRules = (
			);
			dependencies = (
			);
			name = CoinAPI;
			productName = CoinAPI;
			productReference = DF807A362B3EB4410064DDDF /* CoinAPI.app */;
			productType = "com.apple.product-type.application";
		};
		DF807A4B2B3EB4420064DDDF /* CoinAPITests */ = {
			isa = PBXNativeTarget;
			buildConfigurationList = DF807A632B3EB4420064DDDF /* Build configuration list for PBXNativeTarget "CoinAPITests" */;
			buildPhases = (
				DF807A482B3EB4420064DDDF /* Sources */,
				DF807A492B3EB4420064DDDF /* Frameworks */,
				DF807A4A2B3EB4420064DDDF /* Resources */,
			);
			buildRules = (
			);
			dependencies = (
				DF807A4E2B3EB4420064DDDF /* PBXTargetDependency */,
			);
			name = CoinAPITests;
			productName = CoinAPITests;
			productReference = DF807A4C2B3EB4420064DDDF /* CoinAPITests.xctest */;
			productType = "com.apple.product-type.bundle.unit-test";
		};
		DF807A552B3EB4420064DDDF /* CoinAPIUITests */ = {
			isa = PBXNativeTarget;
			buildConfigurationList = DF807A662B3EB4420064DDDF /* Build configuration list for PBXNativeTarget "CoinAPIUITests" */;
			buildPhases = (
				DF807A522B3EB4420064DDDF /* Sources */,
				DF807A532B3EB4420064DDDF /* Frameworks */,
				DF807A542B3EB4420064DDDF /* Resources */,
			);
			buildRules = (
			);
			dependencies = (
				DF807A582B3EB4420064DDDF /* PBXTargetDependency */,
			);
			name = CoinAPIUITests;
			productName = CoinAPIUITests;
			productReference = DF807A562B3EB4420064DDDF /* CoinAPIUITests.xctest */;
			productType = "com.apple.product-type.bundle.ui-testing";
		};
/* End PBXNativeTarget section */

/* Begin PBXProject section */
		DF807A2E2B3EB4410064DDDF /* Project object */ = {
			isa = PBXProject;
			attributes = {
				BuildIndependentTargetsInParallel = 1;
				LastSwiftUpdateCheck = 1510;
				LastUpgradeCheck = 1510;
				TargetAttributes = {
					DF807A352B3EB4410064DDDF = {
						CreatedOnToolsVersion = 15.1;
					};
					DF807A4B2B3EB4420064DDDF = {
						CreatedOnToolsVersion = 15.1;
						TestTargetID = DF807A352B3EB4410064DDDF;
					};
					DF807A552B3EB4420064DDDF = {
						CreatedOnToolsVersion = 15.1;
						TestTargetID = DF807A352B3EB4410064DDDF;
					};
				};
			};
			buildConfigurationList = DF807A312B3EB4410064DDDF /* Build configuration list for PBXProject "CoinAPI" */;
			compatibilityVersion = "Xcode 14.0";
			developmentRegion = en;
			hasScannedForEncodings = 0;
			knownRegions = (
				en,
				Base,
			);
			mainGroup = DF807A2D2B3EB4410064DDDF;
			productRefGroup = DF807A372B3EB4410064DDDF /* Products */;
			projectDirPath = "";
			projectRoot = "";
			targets = (
				DF807A352B3EB4410064DDDF /* CoinAPI */,
				DF807A4B2B3EB4420064DDDF /* CoinAPITests */,
				DF807A552B3EB4420064DDDF /* CoinAPIUITests */,
			);
		};
/* End PBXProject section */

/* Begin PBXResourcesBuildPhase section */
		DF807A342B3EB4410064DDDF /* Resources */ = {
			isa = PBXResourcesBuildPhase;
			buildActionMask = 2147483647;
			files = (
				DF807A462B3EB4420064DDDF /* LaunchScreen.storyboard in Resources */,
				DF807A432B3EB4420064DDDF /* Assets.xcassets in Resources */,
				DF807A412B3EB4410064DDDF /* Main.storyboard in Resources */,
			);
			runOnlyForDeploymentPostprocessing = 0;
		};
		DF807A4A2B3EB4420064DDDF /* Resources */ = {
			isa = PBXResourcesBuildPhase;
			buildActionMask = 2147483647;
			files = (
			);
			runOnlyForDeploymentPostprocessing = 0;
		};
		DF807A542B3EB4420064DDDF /* Resources */ = {
			isa = PBXResourcesBuildPhase;
			buildActionMask = 2147483647;
			files = (
			);
			runOnlyForDeploymentPostprocessing = 0;
		};
/* End PBXResourcesBuildPhase section */

/* Begin PBXSourcesBuildPhase section */
		DF807A322B3EB4410064DDDF /* Sources */ = {
			isa = PBXSourcesBuildPhase;
			buildActionMask = 2147483647;
			files = (
				DF807A3E2B3EB4410064DDDF /* ViewController.swift in Sources */,
				DF807A722B3EDE9D0064DDDF /* CoinApiManager.swift in Sources */,
				DF807A3A2B3EB4410064DDDF /* AppDelegate.swift in Sources */,
				DF807A702B3ED8A20064DDDF /* CoinData.swift in Sources */,
				DF807A3C2B3EB4410064DDDF /* SceneDelegate.swift in Sources */,
				DF807A6E2B3ECB0A0064DDDF /* CoinViewController.swift in Sources */,
				DF807A742B3EE5CD0064DDDF /* CoinModel.swift in Sources */,
			);
			runOnlyForDeploymentPostprocessing = 0;
		};
		DF807A482B3EB4420064DDDF /* Sources */ = {
			isa = PBXSourcesBuildPhase;
			buildActionMask = 2147483647;
			files = (
			);
			runOnlyForDeploymentPostprocessing = 0;
		};
		DF807A522B3EB4420064DDDF /* Sources */ = {
			isa = PBXSourcesBuildPhase;
			buildActionMask = 2147483647;
			files = (
			);
			runOnlyForDeploymentPostprocessing = 0;
		};
/* End PBXSourcesBuildPhase section */

/* Begin PBXTargetDependency section */
		DF807A4E2B3EB4420064DDDF /* PBXTargetDependency */ = {
			isa = PBXTargetDependency;
			target = DF807A352B3EB4410064DDDF /* CoinAPI */;
			targetProxy = DF807A4D2B3EB4420064DDDF /* PBXContainerItemProxy */;
		};
		DF807A582B3EB4420064DDDF /* PBXTargetDependency */ = {
			isa = PBXTargetDependency;
			target = DF807A352B3EB4410064DDDF /* CoinAPI */;
			targetProxy = DF807A572B3EB4420064DDDF /* PBXContainerItemProxy */;
		};
/* End PBXTargetDependency section */

/* Begin PBXVariantGroup section */
		DF807A3F2B3EB4410064DDDF /* Main.storyboard */ = {
			isa = PBXVariantGroup;
			children = (
				DF807A402B3EB4410064DDDF /* Base */,
			);
			name = Main.storyboard;
			sourceTree = "<group>";
		};
		DF807A442B3EB4420064DDDF /* LaunchScreen.storyboard */ = {
			isa = PBXVariantGroup;
			children = (
				DF807A452B3EB4420064DDDF /* Base */,
			);
			name = LaunchScreen.storyboard;
			sourceTree = "<group>";
		};
/* End PBXVariantGroup section */

/* Begin XCBuildConfiguration section */
		DF807A5E2B3EB4420064DDDF /* Debug */ = {
			isa = XCBuildConfiguration;
			buildSettings = {
				ALWAYS_SEARCH_USER_PATHS = NO;
				ASSETCATALOG_COMPILER_GENERATE_SWIFT_ASSET_SYMBOL_EXTENSIONS = YES;
				CLANG_ANALYZER_NONNULL = YES;
				CLANG_ANALYZER_NUMBER_OBJECT_CONVERSION = YES_AGGRESSIVE;
				CLANG_CXX_LANGUAGE_STANDARD = "gnu++20";
				CLANG_ENABLE_MODULES = YES;
				CLANG_ENABLE_OBJC_ARC = YES;
				CLANG_ENABLE_OBJC_WEAK = YES;
				CLANG_WARN_BLOCK_CAPTURE_AUTORELEASING = YES;
				CLANG_WARN_BOOL_CONVERSION = YES;
				CLANG_WARN_COMMA = YES;
				CLANG_WARN_CONSTANT_CONVERSION = YES;
				CLANG_WARN_DEPRECATED_OBJC_IMPLEMENTATIONS = YES;
				CLANG_WARN_DIRECT_OBJC_ISA_USAGE = YES_ERROR;
				CLANG_WARN_DOCUMENTATION_COMMENTS = YES;
				CLANG_WARN_EMPTY_BODY = YES;
				CLANG_WARN_ENUM_CONVERSION = YES;
				CLANG_WARN_INFINITE_RECURSION = YES;
				CLANG_WARN_INT_CONVERSION = YES;
				CLANG_WARN_NON_LITERAL_NULL_CONVERSION = YES;
				CLANG_WARN_OBJC_IMPLICIT_RETAIN_SELF = YES;
				CLANG_WARN_OBJC_LITERAL_CONVERSION = YES;
				CLANG_WARN_OBJC_ROOT_CLASS = YES_ERROR;
				CLANG_WARN_QUOTED_INCLUDE_IN_FRAMEWORK_HEADER = YES;
				CLANG_WARN_RANGE_LOOP_ANALYSIS = YES;
				CLANG_WARN_STRICT_PROTOTYPES = YES;
				CLANG_WARN_SUSPICIOUS_MOVE = YES;
				CLANG_WARN_UNGUARDED_AVAILABILITY = YES_AGGRESSIVE;
				CLANG_WARN_UNREACHABLE_CODE = YES;
				CLANG_WARN__DUPLICATE_METHOD_MATCH = YES;
				COPY_PHASE_STRIP = NO;
				DEBUG_INFORMATION_FORMAT = dwarf;
				ENABLE_STRICT_OBJC_MSGSEND = YES;
				ENABLE_TESTABILITY = YES;
				ENABLE_USER_SCRIPT_SANDBOXING = YES;
				GCC_C_LANGUAGE_STANDARD = gnu17;
				GCC_DYNAMIC_NO_PIC = NO;
				GCC_NO_COMMON_BLOCKS = YES;
				GCC_OPTIMIZATION_LEVEL = 0;
				GCC_PREPROCESSOR_DEFINITIONS = (
					"DEBUG=1",
					"$(inherited)",
				);
				GCC_WARN_64_TO_32_BIT_CONVERSION = YES;
				GCC_WARN_ABOUT_RETURN_TYPE = YES_ERROR;
				GCC_WARN_UNDECLARED_SELECTOR = YES;
				GCC_WARN_UNINITIALIZED_AUTOS = YES_AGGRESSIVE;
				GCC_WARN_UNUSED_FUNCTION = YES;
				GCC_WARN_UNUSED_VARIABLE = YES;
				IPHONEOS_DEPLOYMENT_TARGET = 17.2;
				LOCALIZATION_PREFERS_STRING_CATALOGS = YES;
				MTL_ENABLE_DEBUG_INFO = INCLUDE_SOURCE;
				MTL_FAST_MATH = YES;
				ONLY_ACTIVE_ARCH = YES;
				SDKROOT = iphoneos;
				SWIFT_ACTIVE_COMPILATION_CONDITIONS = "DEBUG $(inherited)";
				SWIFT_OPTIMIZATION_LEVEL = "-Onone";
			};
			name = Debug;
		};
		DF807A5F2B3EB4420064DDDF /* Release */ = {
			isa = XCBuildConfiguration;
			buildSettings = {
				ALWAYS_SEARCH_USER_PATHS = NO;
				ASSETCATALOG_COMPILER_GENERATE_SWIFT_ASSET_SYMBOL_EXTENSIONS = YES;
				CLANG_ANALYZER_NONNULL = YES;
				CLANG_ANALYZER_NUMBER_OBJECT_CONVERSION = YES_AGGRESSIVE;
				CLANG_CXX_LANGUAGE_STANDARD = "gnu++20";
				CLANG_ENABLE_MODULES = YES;
				CLANG_ENABLE_OBJC_ARC = YES;
				CLANG_ENABLE_OBJC_WEAK = YES;
				CLANG_WARN_BLOCK_CAPTURE_AUTORELEASING = YES;
				CLANG_WARN_BOOL_CONVERSION = YES;
				CLANG_WARN_COMMA = YES;
				CLANG_WARN_CONSTANT_CONVERSION = YES;
				CLANG_WARN_DEPRECATED_OBJC_IMPLEMENTATIONS = YES;
				CLANG_WARN_DIRECT_OBJC_ISA_USAGE = YES_ERROR;
				CLANG_WARN_DOCUMENTATION_COMMENTS = YES;
				CLANG_WARN_EMPTY_BODY = YES;
				CLANG_WARN_ENUM_CONVERSION = YES;
				CLANG_WARN_INFINITE_RECURSION = YES;
				CLANG_WARN_INT_CONVERSION = YES;
				CLANG_WARN_NON_LITERAL_NULL_CONVERSION = YES;
				CLANG_WARN_OBJC_IMPLICIT_RETAIN_SELF = YES;
				CLANG_WARN_OBJC_LITERAL_CONVERSION = YES;
				CLANG_WARN_OBJC_ROOT_CLASS = YES_ERROR;
				CLANG_WARN_QUOTED_INCLUDE_IN_FRAMEWORK_HEADER = YES;
				CLANG_WARN_RANGE_LOOP_ANALYSIS = YES;
				CLANG_WARN_STRICT_PROTOTYPES = YES;
				CLANG_WARN_SUSPICIOUS_MOVE = YES;
				CLANG_WARN_UNGUARDED_AVAILABILITY = YES_AGGRESSIVE;
				CLANG_WARN_UNREACHABLE_CODE = YES;
				CLANG_WARN__DUPLICATE_METHOD_MATCH = YES;
				COPY_PHASE_STRIP = NO;
				DEBUG_INFORMATION_FORMAT = "dwarf-with-dsym";
				ENABLE_NS_ASSERTIONS = NO;
				ENABLE_STRICT_OBJC_MSGSEND = YES;
				ENABLE_USER_SCRIPT_SANDBOXING = YES;
				GCC_C_LANGUAGE_STANDARD = gnu17;
				GCC_NO_COMMON_BLOCKS = YES;
				GCC_WARN_64_TO_32_BIT_CONVERSION = YES;
				GCC_WARN_ABOUT_RETURN_TYPE = YES_ERROR;
				GCC_WARN_UNDECLARED_SELECTOR = YES;
				GCC_WARN_UNINITIALIZED_AUTOS = YES_AGGRESSIVE;
				GCC_WARN_UNUSED_FUNCTION = YES;
				GCC_WARN_UNUSED_VARIABLE = YES;
				IPHONEOS_DEPLOYMENT_TARGET = 17.2;
				LOCALIZATION_PREFERS_STRING_CATALOGS = YES;
				MTL_ENABLE_DEBUG_INFO = NO;
				MTL_FAST_MATH = YES;
				SDKROOT = iphoneos;
				SWIFT_COMPILATION_MODE = wholemodule;
				VALIDATE_PRODUCT = YES;
			};
			name = Release;
		};
		DF807A612B3EB4420064DDDF /* Debug */ = {
			isa = XCBuildConfiguration;
			buildSettings = {
				ASSETCATALOG_COMPILER_APPICON_NAME = AppIcon;
				ASSETCATALOG_COMPILER_GLOBAL_ACCENT_COLOR_NAME = AccentColor;
				CODE_SIGN_STYLE = Automatic;
				CURRENT_PROJECT_VERSION = 1;
				DEVELOPMENT_TEAM = 826CY334BQ;
				GENERATE_INFOPLIST_FILE = YES;
				INFOPLIST_FILE = CoinAPI/Info.plist;
				INFOPLIST_KEY_UIApplicationSupportsIndirectInputEvents = YES;
				INFOPLIST_KEY_UILaunchStoryboardName = LaunchScreen;
				INFOPLIST_KEY_UIMainStoryboardFile = Main;
				INFOPLIST_KEY_UISupportedInterfaceOrientations_iPad = "UIInterfaceOrientationPortrait UIInterfaceOrientationPortraitUpsideDown UIInterfaceOrientationLandscapeLeft UIInterfaceOrientationLandscapeRight";
				INFOPLIST_KEY_UISupportedInterfaceOrientations_iPhone = "UIInterfaceOrientationPortrait UIInterfaceOrientationLandscapeLeft UIInterfaceOrientationLandscapeRight";
				LD_RUNPATH_SEARCH_PATHS = (
					"$(inherited)",
					"@executable_path/Frameworks",
				);
				MARKETING_VERSION = 1.0;
				PRODUCT_BUNDLE_IDENTIFIER = com.countstarss.CoinAPI;
				PRODUCT_NAME = "$(TARGET_NAME)";
				SWIFT_EMIT_LOC_STRINGS = YES;
				SWIFT_VERSION = 5.0;
				TARGETED_DEVICE_FAMILY = "1,2";
			};
			name = Debug;
		};
		DF807A622B3EB4420064DDDF /* Release */ = {
			isa = XCBuildConfiguration;
			buildSettings = {
				ASSETCATALOG_COMPILER_APPICON_NAME = AppIcon;
				ASSETCATALOG_COMPILER_GLOBAL_ACCENT_COLOR_NAME = AccentColor;
				CODE_SIGN_STYLE = Automatic;
				CURRENT_PROJECT_VERSION = 1;
				DEVELOPMENT_TEAM = 826CY334BQ;
				GENERATE_INFOPLIST_FILE = YES;
				INFOPLIST_FILE = CoinAPI/Info.plist;
				INFOPLIST_KEY_UIApplicationSupportsIndirectInputEvents = YES;
				INFOPLIST_KEY_UILaunchStoryboardName = LaunchScreen;
				INFOPLIST_KEY_UIMainStoryboardFile = Main;
				INFOPLIST_KEY_UISupportedInterfaceOrientations_iPad = "UIInterfaceOrientationPortrait UIInterfaceOrientationPortraitUpsideDown UIInterfaceOrientationLandscapeLeft UIInterfaceOrientationLandscapeRight";
				INFOPLIST_KEY_UISupportedInterfaceOrientations_iPhone = "UIInterfaceOrientationPortrait UIInterfaceOrientationLandscapeLeft UIInterfaceOrientationLandscapeRight";
				LD_RUNPATH_SEARCH_PATHS = (
					"$(inherited)",
					"@executable_path/Frameworks",
				);
				MARKETING_VERSION = 1.0;
				PRODUCT_BUNDLE_IDENTIFIER = com.countstarss.CoinAPI;
				PRODUCT_NAME = "$(TARGET_NAME)";
				SWIFT_EMIT_LOC_STRINGS = YES;
				SWIFT_VERSION = 5.0;
				TARGETED_DEVICE_FAMILY = "1,2";
			};
			name = Release;
		};
		DF807A642B3EB4420064DDDF /* Debug */ = {
			isa = XCBuildConfiguration;
			buildSettings = {
				ALWAYS_EMBED_SWIFT_STANDARD_LIBRARIES = YES;
				BUNDLE_LOADER = "$(TEST_HOST)";
				CODE_SIGN_STYLE = Automatic;
				CURRENT_PROJECT_VERSION = 1;
				DEVELOPMENT_TEAM = 826CY334BQ;
				GENERATE_INFOPLIST_FILE = YES;
				IPHONEOS_DEPLOYMENT_TARGET = 17.2;
				MARKETING_VERSION = 1.0;
				PRODUCT_BUNDLE_IDENTIFIER = com.countstarss.CoinAPITests;
				PRODUCT_NAME = "$(TARGET_NAME)";
				SWIFT_EMIT_LOC_STRINGS = NO;
				SWIFT_VERSION = 5.0;
				TARGETED_DEVICE_FAMILY = "1,2";
				TEST_HOST = "$(BUILT_PRODUCTS_DIR)/CoinAPI.app/$(BUNDLE_EXECUTABLE_FOLDER_PATH)/CoinAPI";
			};
			name = Debug;
		};
		DF807A652B3EB4420064DDDF /* Release */ = {
			isa = XCBuildConfiguration;
			buildSettings = {
				ALWAYS_EMBED_SWIFT_STANDARD_LIBRARIES = YES;
				BUNDLE_LOADER = "$(TEST_HOST)";
				CODE_SIGN_STYLE = Automatic;
				CURRENT_PROJECT_VERSION = 1;
				DEVELOPMENT_TEAM = 826CY334BQ;
				GENERATE_INFOPLIST_FILE = YES;
				IPHONEOS_DEPLOYMENT_TARGET = 17.2;
				MARKETING_VERSION = 1.0;
				PRODUCT_BUNDLE_IDENTIFIER = com.countstarss.CoinAPITests;
				PRODUCT_NAME = "$(TARGET_NAME)";
				SWIFT_EMIT_LOC_STRINGS = NO;
				SWIFT_VERSION = 5.0;
				TARGETED_DEVICE_FAMILY = "1,2";
				TEST_HOST = "$(BUILT_PRODUCTS_DIR)/CoinAPI.app/$(BUNDLE_EXECUTABLE_FOLDER_PATH)/CoinAPI";
			};
			name = Release;
		};
		DF807A672B3EB4420064DDDF /* Debug */ = {
			isa = XCBuildConfiguration;
			buildSettings = {
				ALWAYS_EMBED_SWIFT_STANDARD_LIBRARIES = YES;
				CODE_SIGN_STYLE = Automatic;
				CURRENT_PROJECT_VERSION = 1;
				DEVELOPMENT_TEAM = 826CY334BQ;
				GENERATE_INFOPLIST_FILE = YES;
				MARKETING_VERSION = 1.0;
				PRODUCT_BUNDLE_IDENTIFIER = com.countstarss.CoinAPIUITests;
				PRODUCT_NAME = "$(TARGET_NAME)";
				SWIFT_EMIT_LOC_STRINGS = NO;
				SWIFT_VERSION = 5.0;
				TARGETED_DEVICE_FAMILY = "1,2";
				TEST_TARGET_NAME = CoinAPI;
			};
			name = Debug;
		};
		DF807A682B3EB4420064DDDF /* Release */ = {
			isa = XCBuildConfiguration;
			buildSettings = {
				ALWAYS_EMBED_SWIFT_STANDARD_LIBRARIES = YES;
				CODE_SIGN_STYLE = Automatic;
				CURRENT_PROJECT_VERSION = 1;
				DEVELOPMENT_TEAM = 826CY334BQ;
				GENERATE_INFOPLIST_FILE = YES;
				MARKETING_VERSION = 1.0;
				PRODUCT_BUNDLE_IDENTIFIER = com.countstarss.CoinAPIUITests;
				PRODUCT_NAME = "$(TARGET_NAME)";
				SWIFT_EMIT_LOC_STRINGS = NO;
				SWIFT_VERSION = 5.0;
				TARGETED_DEVICE_FAMILY = "1,2";
				TEST_TARGET_NAME = CoinAPI;
			};
			name = Release;
		};
/* End XCBuildConfiguration section */

/* Begin XCConfigurationList section */
		DF807A312B3EB4410064DDDF /* Build configuration list for PBXProject "CoinAPI" */ = {
			isa = XCConfigurationList;
			buildConfigurations = (
				DF807A5E2B3EB4420064DDDF /* Debug */,
				DF807A5F2B3EB4420064DDDF /* Release */,
			);
			defaultConfigurationIsVisible = 0;
			defaultConfigurationName = Release;
		};
		DF807A602B3EB4420064DDDF /* Build configuration list for PBXNativeTarget "CoinAPI" */ = {
			isa = XCConfigurationList;
			buildConfigurations = (
				DF807A612B3EB4420064DDDF /* Debug */,
				DF807A622B3EB4420064DDDF /* Release */,
			);
			defaultConfigurationIsVisible = 0;
			defaultConfigurationName = Release;
		};
		DF807A632B3EB4420064DDDF /* Build configuration list for PBXNativeTarget "CoinAPITests" */ = {
			isa = XCConfigurationList;
			buildConfigurations = (
				DF807A642B3EB4420064DDDF /* Debug */,
				DF807A652B3EB4420064DDDF /* Release */,
			);
			defaultConfigurationIsVisible = 0;
			defaultConfigurationName = Release;
		};
		DF807A662B3EB4420064DDDF /* Build configuration list for PBXNativeTarget "CoinAPIUITests" */ = {
			isa = XCConfigurationList;
			buildConfigurations = (
				DF807A672B3EB4420064DDDF /* Debug */,
				DF807A682B3EB4420064DDDF /* Release */,
			);
			defaultConfigurationIsVisible = 0;
			defaultConfigurationName = Release;
		};
/* End XCConfigurationList section */
	};
	rootObject = DF807A2E2B3EB4410064DDDF /* Project object */;
}
